<?xml version="1.0" encoding="UTF-8"?>
<!DOCTYPE plist PUBLIC "-//Apple//DTD PLIST 1.0//EN" "http://www.apple.com/DTDs/PropertyList-1.0.dtd">
<plist version="1.0">
<dict>
	<key>archiveVersion</key>
	<string>1</string>
	<key>classes</key>
	<dict/>
	<key>objectVersion</key>
	<string>46</string>
	<key>objects</key>
	<dict>
		<key>085A6A0EFE796D24340879AE</key>
		<dict>
			<key>includeInIndex</key>
			<string>1</string>
			<key>isa</key>
			<string>PBXFileReference</string>
			<key>lastKnownFileType</key>
			<string>text.xcconfig</string>
			<key>name</key>
			<string>Pods-PicPranck.release.xcconfig</string>
			<key>path</key>
			<string>Pods/Target Support Files/Pods-PicPranck/Pods-PicPranck.release.xcconfig</string>
			<key>sourceTree</key>
			<string>&lt;group&gt;</string>
		</dict>
		<key>08E18361F24B840C3892895E</key>
		<dict>
			<key>includeInIndex</key>
			<string>1</string>
			<key>isa</key>
			<string>PBXFileReference</string>
			<key>lastKnownFileType</key>
			<string>text.xcconfig</string>
			<key>name</key>
			<string>Pods-PicPranckTests.debug.xcconfig</string>
			<key>path</key>
			<string>Pods/Target Support Files/Pods-PicPranckTests/Pods-PicPranckTests.debug.xcconfig</string>
			<key>sourceTree</key>
			<string>&lt;group&gt;</string>
		</dict>
		<key>0C5281C4E63C36724F3BA47C</key>
		<dict>
			<key>explicitFileType</key>
			<string>archive.ar</string>
			<key>includeInIndex</key>
			<string>0</string>
			<key>isa</key>
			<string>PBXFileReference</string>
			<key>path</key>
			<string>libPods-PicPranckUITests.a</string>
			<key>sourceTree</key>
			<string>BUILT_PRODUCTS_DIR</string>
		</dict>
		<key>22F5E0DAEBD1AA9682FC8BA2</key>
		<dict>
			<key>buildActionMask</key>
			<string>2147483647</string>
			<key>files</key>
			<array/>
			<key>inputPaths</key>
			<array/>
			<key>isa</key>
			<string>PBXShellScriptBuildPhase</string>
			<key>name</key>
			<string>[CP] Check Pods Manifest.lock</string>
			<key>outputPaths</key>
			<array/>
			<key>runOnlyForDeploymentPostprocessing</key>
			<string>0</string>
			<key>shellPath</key>
			<string>/bin/sh</string>
			<key>shellScript</key>
			<string>diff "${PODS_ROOT}/../Podfile.lock" "${PODS_ROOT}/Manifest.lock" &gt; /dev/null
if [[ $? != 0 ]] ; then
    cat &lt;&lt; EOM
error: The sandbox is not in sync with the Podfile.lock. Run 'pod install' or update your CocoaPods installation.
EOM
    exit 1
fi
</string>
			<key>showEnvVarsInLog</key>
			<string>0</string>
		</dict>
		<key>2DCB5C2FD7C2CBFE79ED3438</key>
		<dict>
			<key>buildActionMask</key>
			<string>2147483647</string>
			<key>files</key>
			<array/>
			<key>inputPaths</key>
			<array/>
			<key>isa</key>
			<string>PBXShellScriptBuildPhase</string>
			<key>name</key>
			<string>[CP] Embed Pods Frameworks</string>
			<key>outputPaths</key>
			<array/>
			<key>runOnlyForDeploymentPostprocessing</key>
			<string>0</string>
			<key>shellPath</key>
			<string>/bin/sh</string>
			<key>shellScript</key>
			<string>"${SRCROOT}/Pods/Target Support Files/Pods-PicPranckTests/Pods-PicPranckTests-frameworks.sh"
</string>
			<key>showEnvVarsInLog</key>
			<string>0</string>
		</dict>
		<key>4F58E9CAFD2695A2743448F6</key>
		<dict>
			<key>includeInIndex</key>
			<string>1</string>
			<key>isa</key>
			<string>PBXFileReference</string>
			<key>lastKnownFileType</key>
			<string>text.xcconfig</string>
			<key>name</key>
			<string>Pods-PicPranckUITests.release.xcconfig</string>
			<key>path</key>
			<string>Pods/Target Support Files/Pods-PicPranckUITests/Pods-PicPranckUITests.release.xcconfig</string>
			<key>sourceTree</key>
			<string>&lt;group&gt;</string>
		</dict>
		<key>5C0F7B0790063EE7D7B6F751</key>
		<dict>
			<key>buildActionMask</key>
			<string>2147483647</string>
			<key>files</key>
			<array/>
			<key>inputPaths</key>
			<array/>
			<key>isa</key>
			<string>PBXShellScriptBuildPhase</string>
			<key>name</key>
			<string>[CP] Copy Pods Resources</string>
			<key>outputPaths</key>
			<array/>
			<key>runOnlyForDeploymentPostprocessing</key>
			<string>0</string>
			<key>shellPath</key>
			<string>/bin/sh</string>
			<key>shellScript</key>
			<string>"${SRCROOT}/Pods/Target Support Files/Pods-PicPranckUITests/Pods-PicPranckUITests-resources.sh"
</string>
			<key>showEnvVarsInLog</key>
			<string>0</string>
		</dict>
		<key>706837B79A6AD41581F75360</key>
		<dict>
			<key>includeInIndex</key>
			<string>1</string>
			<key>isa</key>
			<string>PBXFileReference</string>
			<key>lastKnownFileType</key>
			<string>text.xcconfig</string>
			<key>name</key>
			<string>Pods-PicPranckUITests.debug.xcconfig</string>
			<key>path</key>
			<string>Pods/Target Support Files/Pods-PicPranckUITests/Pods-PicPranckUITests.debug.xcconfig</string>
			<key>sourceTree</key>
			<string>&lt;group&gt;</string>
		</dict>
		<key>8BC91AEB097BD989BA240AB5</key>
		<dict>
			<key>explicitFileType</key>
			<string>archive.ar</string>
			<key>includeInIndex</key>
			<string>0</string>
			<key>isa</key>
			<string>PBXFileReference</string>
			<key>path</key>
			<string>libPods-PicPranckTests.a</string>
			<key>sourceTree</key>
			<string>BUILT_PRODUCTS_DIR</string>
		</dict>
		<key>9216982AB203C0B05357FF84</key>
		<dict>
			<key>fileRef</key>
			<string>8BC91AEB097BD989BA240AB5</string>
			<key>isa</key>
			<string>PBXBuildFile</string>
		</dict>
		<key>94771EE1983AEA6F0B43CB4A</key>
		<dict>
			<key>explicitFileType</key>
			<string>archive.ar</string>
			<key>includeInIndex</key>
			<string>0</string>
			<key>isa</key>
			<string>PBXFileReference</string>
			<key>path</key>
			<string>libPods-PicPranck.a</string>
			<key>sourceTree</key>
			<string>BUILT_PRODUCTS_DIR</string>
		</dict>
		<key>964C0B7E38B026F87D93D9E0</key>
		<dict>
			<key>buildActionMask</key>
			<string>2147483647</string>
			<key>files</key>
			<array/>
			<key>inputPaths</key>
			<array/>
			<key>isa</key>
			<string>PBXShellScriptBuildPhase</string>
			<key>name</key>
			<string>[CP] Embed Pods Frameworks</string>
			<key>outputPaths</key>
			<array/>
			<key>runOnlyForDeploymentPostprocessing</key>
			<string>0</string>
			<key>shellPath</key>
			<string>/bin/sh</string>
			<key>shellScript</key>
			<string>"${SRCROOT}/Pods/Target Support Files/Pods-PicPranck/Pods-PicPranck-frameworks.sh"
</string>
			<key>showEnvVarsInLog</key>
			<string>0</string>
		</dict>
		<key>A81DE764008CE66450932B51</key>
		<dict>
			<key>includeInIndex</key>
			<string>1</string>
			<key>isa</key>
			<string>PBXFileReference</string>
			<key>lastKnownFileType</key>
			<string>text.xcconfig</string>
			<key>name</key>
			<string>Pods-PicPranck.debug.xcconfig</string>
			<key>path</key>
			<string>Pods/Target Support Files/Pods-PicPranck/Pods-PicPranck.debug.xcconfig</string>
			<key>sourceTree</key>
			<string>&lt;group&gt;</string>
		</dict>
		<key>A8AE10D2664CA6FB41B048D5</key>
		<dict>
			<key>fileRef</key>
			<string>0C5281C4E63C36724F3BA47C</string>
			<key>isa</key>
			<string>PBXBuildFile</string>
		</dict>
		<key>AFAFAF02D049867635276A25</key>
		<dict>
			<key>children</key>
			<array>
				<string>A81DE764008CE66450932B51</string>
				<string>085A6A0EFE796D24340879AE</string>
				<string>08E18361F24B840C3892895E</string>
				<string>BE91AED2C9D141BCD8848353</string>
				<string>706837B79A6AD41581F75360</string>
				<string>4F58E9CAFD2695A2743448F6</string>
			</array>
			<key>isa</key>
			<string>PBXGroup</string>
			<key>name</key>
			<string>Pods</string>
			<key>sourceTree</key>
			<string>&lt;group&gt;</string>
		</dict>
		<key>B6A4B2598E4C4A2827E7B3C9</key>
		<dict>
			<key>fileRef</key>
			<string>94771EE1983AEA6F0B43CB4A</string>
			<key>isa</key>
			<string>PBXBuildFile</string>
		</dict>
		<key>BE91AED2C9D141BCD8848353</key>
		<dict>
			<key>includeInIndex</key>
			<string>1</string>
			<key>isa</key>
			<string>PBXFileReference</string>
			<key>lastKnownFileType</key>
			<string>text.xcconfig</string>
			<key>name</key>
			<string>Pods-PicPranckTests.release.xcconfig</string>
			<key>path</key>
			<string>Pods/Target Support Files/Pods-PicPranckTests/Pods-PicPranckTests.release.xcconfig</string>
			<key>sourceTree</key>
			<string>&lt;group&gt;</string>
		</dict>
		<key>CB8EB680C9C15FA7DC9130A2</key>
		<dict>
			<key>buildActionMask</key>
			<string>2147483647</string>
			<key>files</key>
			<array/>
			<key>inputPaths</key>
			<array/>
			<key>isa</key>
			<string>PBXShellScriptBuildPhase</string>
			<key>name</key>
			<string>[CP] Copy Pods Resources</string>
			<key>outputPaths</key>
			<array/>
			<key>runOnlyForDeploymentPostprocessing</key>
			<string>0</string>
			<key>shellPath</key>
			<string>/bin/sh</string>
			<key>shellScript</key>
			<string>"${SRCROOT}/Pods/Target Support Files/Pods-PicPranckTests/Pods-PicPranckTests-resources.sh"
</string>
			<key>showEnvVarsInLog</key>
			<string>0</string>
		</dict>
		<key>DDE029CCBDFB1CF38F6F53FF</key>
		<dict>
			<key>buildActionMask</key>
			<string>2147483647</string>
			<key>files</key>
			<array/>
			<key>inputPaths</key>
			<array/>
			<key>isa</key>
			<string>PBXShellScriptBuildPhase</string>
			<key>name</key>
			<string>[CP] Check Pods Manifest.lock</string>
			<key>outputPaths</key>
			<array/>
			<key>runOnlyForDeploymentPostprocessing</key>
			<string>0</string>
			<key>shellPath</key>
			<string>/bin/sh</string>
			<key>shellScript</key>
			<string>diff "${PODS_ROOT}/../Podfile.lock" "${PODS_ROOT}/Manifest.lock" &gt; /dev/null
if [[ $? != 0 ]] ; then
    cat &lt;&lt; EOM
error: The sandbox is not in sync with the Podfile.lock. Run 'pod install' or update your CocoaPods installation.
EOM
    exit 1
fi
</string>
			<key>showEnvVarsInLog</key>
			<string>0</string>
		</dict>
		<key>DE1F5289707C4101985DCF51</key>
		<dict>
			<key>buildActionMask</key>
			<string>2147483647</string>
			<key>files</key>
			<array/>
			<key>inputPaths</key>
			<array/>
			<key>isa</key>
			<string>PBXShellScriptBuildPhase</string>
			<key>name</key>
			<string>[CP] Copy Pods Resources</string>
			<key>outputPaths</key>
			<array/>
			<key>runOnlyForDeploymentPostprocessing</key>
			<string>0</string>
			<key>shellPath</key>
			<string>/bin/sh</string>
			<key>shellScript</key>
			<string>"${SRCROOT}/Pods/Target Support Files/Pods-PicPranck/Pods-PicPranck-resources.sh"
</string>
			<key>showEnvVarsInLog</key>
			<string>0</string>
		</dict>
		<key>DF4BAA7D28D18002013771E4</key>
		<dict>
			<key>buildActionMask</key>
			<string>2147483647</string>
			<key>files</key>
			<array/>
			<key>inputPaths</key>
			<array/>
			<key>isa</key>
			<string>PBXShellScriptBuildPhase</string>
			<key>name</key>
			<string>[CP] Check Pods Manifest.lock</string>
			<key>outputPaths</key>
			<array/>
			<key>runOnlyForDeploymentPostprocessing</key>
			<string>0</string>
			<key>shellPath</key>
			<string>/bin/sh</string>
			<key>shellScript</key>
			<string>diff "${PODS_ROOT}/../Podfile.lock" "${PODS_ROOT}/Manifest.lock" &gt; /dev/null
if [[ $? != 0 ]] ; then
    cat &lt;&lt; EOM
error: The sandbox is not in sync with the Podfile.lock. Run 'pod install' or update your CocoaPods installation.
EOM
    exit 1
fi
</string>
			<key>showEnvVarsInLog</key>
			<string>0</string>
		</dict>
		<key>F904B24F1E47C2AC00B5FA26</key>
		<dict>
			<key>fileEncoding</key>
			<string>4</string>
			<key>isa</key>
			<string>PBXFileReference</string>
			<key>lastKnownFileType</key>
			<string>sourcecode.c.h</string>
			<key>path</key>
			<string>PicPranckTextView.h</string>
			<key>sourceTree</key>
			<string>&lt;group&gt;</string>
		</dict>
		<key>F904B2501E47C2AC00B5FA26</key>
		<dict>
			<key>fileEncoding</key>
			<string>4</string>
			<key>isa</key>
			<string>PBXFileReference</string>
			<key>lastKnownFileType</key>
			<string>sourcecode.c.objc</string>
			<key>path</key>
			<string>PicPranckTextView.m</string>
			<key>sourceTree</key>
			<string>&lt;group&gt;</string>
		</dict>
		<key>F904B2511E47C2AC00B5FA26</key>
		<dict>
			<key>fileRef</key>
			<string>F904B2501E47C2AC00B5FA26</string>
			<key>isa</key>
			<string>PBXBuildFile</string>
		</dict>
		<key>F904B2521E47C30800B5FA26</key>
		<dict>
			<key>fileEncoding</key>
			<string>4</string>
			<key>isa</key>
			<string>PBXFileReference</string>
			<key>lastKnownFileType</key>
			<string>sourcecode.c.objc</string>
			<key>path</key>
			<string>AppViewController.m</string>
			<key>sourceTree</key>
			<string>&lt;group&gt;</string>
		</dict>
		<key>F904B2531E47C30800B5FA26</key>
		<dict>
			<key>fileEncoding</key>
			<string>4</string>
			<key>isa</key>
			<string>PBXFileReference</string>
			<key>lastKnownFileType</key>
			<string>sourcecode.c.h</string>
			<key>path</key>
			<string>AppViewController.h</string>
			<key>sourceTree</key>
			<string>&lt;group&gt;</string>
		</dict>
		<key>F904B2541E47C30800B5FA26</key>
		<dict>
			<key>fileRef</key>
			<string>F904B2521E47C30800B5FA26</string>
			<key>isa</key>
			<string>PBXBuildFile</string>
		</dict>
		<key>F904B2571E47D4DB00B5FA26</key>
		<dict>
			<key>isa</key>
			<string>PBXFileReference</string>
			<key>lastKnownFileType</key>
			<string>file</string>
			<key>path</key>
			<string>Impact.ttf</string>
			<key>sourceTree</key>
			<string>&lt;group&gt;</string>
		</dict>
		<key>F904B2581E47D4DB00B5FA26</key>
		<dict>
			<key>fileRef</key>
			<string>F904B2571E47D4DB00B5FA26</string>
			<key>isa</key>
			<string>PBXBuildFile</string>
		</dict>
		<key>F904B2591E47D53400B5FA26</key>
		<dict>
			<key>children</key>
			<array>
				<string>F9FCBFDD1E48E6B90088B831</string>
				<string>F9FCBFDE1E48E6B90088B831</string>
				<string>F9FCBFDF1E48E6B90088B831</string>
				<string>F9FCBFE01E48E6B90088B831</string>
				<string>94771EE1983AEA6F0B43CB4A</string>
				<string>8BC91AEB097BD989BA240AB5</string>
				<string>0C5281C4E63C36724F3BA47C</string>
			</array>
			<key>isa</key>
			<string>PBXGroup</string>
			<key>name</key>
			<string>Frameworks</string>
			<key>sourceTree</key>
			<string>&lt;group&gt;</string>
		</dict>
		<key>F9A19DE21E34C0CD00EE34E6</key>
		<dict>
			<key>children</key>
			<array>
				<string>F904B2591E47D53400B5FA26</string>
				<string>F9A19DED1E34C0D500EE34E6</string>
				<string>F9A19E071E34C0D700EE34E6</string>
				<string>F9A19E121E34C0D700EE34E6</string>
				<string>F9A19DEC1E34C0D500EE34E6</string>
				<string>AFAFAF02D049867635276A25</string>
			</array>
			<key>isa</key>
			<string>PBXGroup</string>
			<key>sourceTree</key>
			<string>&lt;group&gt;</string>
		</dict>
		<key>F9A19DE31E34C0CD00EE34E6</key>
		<dict>
			<key>attributes</key>
			<dict>
				<key>LastUpgradeCheck</key>
				<string>0820</string>
				<key>ORGANIZATIONNAME</key>
				<string>El Khalil Bellakrid</string>
				<key>TargetAttributes</key>
				<dict>
					<key>F9A19DEA1E34C0CE00EE34E6</key>
					<dict>
						<key>CreatedOnToolsVersion</key>
						<string>8.2.1</string>
						<key>DevelopmentTeam</key>
						<string>824R8WQK4Z</string>
						<key>ProvisioningStyle</key>
						<string>Automatic</string>
					</dict>
					<key>F9A19E031E34C0D700EE34E6</key>
					<dict>
						<key>CreatedOnToolsVersion</key>
						<string>8.2.1</string>
						<key>ProvisioningStyle</key>
						<string>Automatic</string>
						<key>TestTargetID</key>
						<string>F9A19DEA1E34C0CE00EE34E6</string>
					</dict>
					<key>F9A19E0E1E34C0D700EE34E6</key>
					<dict>
						<key>CreatedOnToolsVersion</key>
						<string>8.2.1</string>
						<key>ProvisioningStyle</key>
						<string>Automatic</string>
						<key>TestTargetID</key>
						<string>F9A19DEA1E34C0CE00EE34E6</string>
					</dict>
				</dict>
			</dict>
			<key>buildConfigurationList</key>
			<string>F9A19DE61E34C0CD00EE34E6</string>
			<key>compatibilityVersion</key>
			<string>Xcode 3.2</string>
			<key>developmentRegion</key>
			<string>English</string>
			<key>hasScannedForEncodings</key>
			<string>0</string>
			<key>isa</key>
			<string>PBXProject</string>
			<key>knownRegions</key>
			<array>
				<string>en</string>
				<string>Base</string>
			</array>
			<key>mainGroup</key>
			<string>F9A19DE21E34C0CD00EE34E6</string>
			<key>productRefGroup</key>
			<string>F9A19DEC1E34C0D500EE34E6</string>
			<key>projectDirPath</key>
			<string></string>
			<key>projectReferences</key>
			<array/>
			<key>projectRoot</key>
			<string></string>
			<key>targets</key>
			<array>
				<string>F9A19DEA1E34C0CE00EE34E6</string>
				<string>F9A19E031E34C0D700EE34E6</string>
				<string>F9A19E0E1E34C0D700EE34E6</string>
			</array>
		</dict>
		<key>F9A19DE61E34C0CD00EE34E6</key>
		<dict>
			<key>buildConfigurations</key>
			<array>
				<string>F9A19E161E34C0D800EE34E6</string>
				<string>F9A19E171E34C0D800EE34E6</string>
			</array>
			<key>defaultConfigurationIsVisible</key>
			<string>0</string>
			<key>defaultConfigurationName</key>
			<string>Release</string>
			<key>isa</key>
			<string>XCConfigurationList</string>
		</dict>
		<key>F9A19DE71E34C0CE00EE34E6</key>
		<dict>
			<key>buildActionMask</key>
			<string>2147483647</string>
			<key>files</key>
			<array>
				<string>F904B2541E47C30800B5FA26</string>
				<string>F9A19DF61E34C0D600EE34E6</string>
				<string>F904B2511E47C2AC00B5FA26</string>
				<string>F9A19DF31E34C0D600EE34E6</string>
				<string>F9A19DF01E34C0D500EE34E6</string>
			</array>
			<key>isa</key>
			<string>PBXSourcesBuildPhase</string>
			<key>runOnlyForDeploymentPostprocessing</key>
			<string>0</string>
		</dict>
		<key>F9A19DE81E34C0CE00EE34E6</key>
		<dict>
			<key>buildActionMask</key>
			<string>2147483647</string>
			<key>files</key>
			<array>
				<string>F9FCBFE41E48E6B90088B831</string>
				<string>F9FCBFE11E48E6B90088B831</string>
				<string>F9FCBFE21E48E6B90088B831</string>
				<string>F9FCBFE31E48E6B90088B831</string>
				<string>B6A4B2598E4C4A2827E7B3C9</string>
			</array>
			<key>isa</key>
			<string>PBXFrameworksBuildPhase</string>
			<key>runOnlyForDeploymentPostprocessing</key>
			<string>0</string>
		</dict>
		<key>F9A19DE91E34C0CE00EE34E6</key>
		<dict>
			<key>buildActionMask</key>
			<string>2147483647</string>
			<key>files</key>
			<array>
				<string>F904B2581E47D4DB00B5FA26</string>
				<string>F9A19DFE1E34C0D700EE34E6</string>
				<string>F9A19DFB1E34C0D600EE34E6</string>
				<string>F9A19DF91E34C0D600EE34E6</string>
			</array>
			<key>isa</key>
			<string>PBXResourcesBuildPhase</string>
			<key>runOnlyForDeploymentPostprocessing</key>
			<string>0</string>
		</dict>
		<key>F9A19DEA1E34C0CE00EE34E6</key>
		<dict>
			<key>buildConfigurationList</key>
			<string>F9A19E181E34C0D800EE34E6</string>
			<key>buildPhases</key>
			<array>
				<string>DDE029CCBDFB1CF38F6F53FF</string>
				<string>F9A19DE71E34C0CE00EE34E6</string>
				<string>F9A19DE81E34C0CE00EE34E6</string>
				<string>F9A19DE91E34C0CE00EE34E6</string>
				<string>964C0B7E38B026F87D93D9E0</string>
				<string>DE1F5289707C4101985DCF51</string>
			</array>
			<key>buildRules</key>
			<array/>
			<key>dependencies</key>
			<array/>
			<key>isa</key>
			<string>PBXNativeTarget</string>
			<key>name</key>
			<string>PicPranck</string>
			<key>productName</key>
			<string>PicPranck</string>
			<key>productReference</key>
			<string>F9A19DEB1E34C0D500EE34E6</string>
			<key>productType</key>
			<string>com.apple.product-type.application</string>
		</dict>
		<key>F9A19DEB1E34C0D500EE34E6</key>
		<dict>
			<key>explicitFileType</key>
			<string>wrapper.application</string>
			<key>includeInIndex</key>
			<string>0</string>
			<key>isa</key>
			<string>PBXFileReference</string>
			<key>path</key>
			<string>PicPranck.app</string>
			<key>sourceTree</key>
			<string>BUILT_PRODUCTS_DIR</string>
		</dict>
		<key>F9A19DEC1E34C0D500EE34E6</key>
		<dict>
			<key>children</key>
			<array>
				<string>F9A19DEB1E34C0D500EE34E6</string>
				<string>F9A19E041E34C0D700EE34E6</string>
				<string>F9A19E0F1E34C0D700EE34E6</string>
			</array>
			<key>isa</key>
			<string>PBXGroup</string>
			<key>name</key>
			<string>Products</string>
			<key>sourceTree</key>
			<string>&lt;group&gt;</string>
		</dict>
		<key>F9A19DED1E34C0D500EE34E6</key>
		<dict>
			<key>children</key>
			<array>
				<string>F904B2521E47C30800B5FA26</string>
				<string>F904B2531E47C30800B5FA26</string>
				<string>F904B24F1E47C2AC00B5FA26</string>
				<string>F904B2501E47C2AC00B5FA26</string>
				<string>F9A19DF11E34C0D600EE34E6</string>
				<string>F9A19DF21E34C0D600EE34E6</string>
				<string>F9A19DF41E34C0D600EE34E6</string>
				<string>F9A19DF51E34C0D600EE34E6</string>
				<string>F9A19DF71E34C0D600EE34E6</string>
				<string>F9A19DFA1E34C0D600EE34E6</string>
				<string>F9A19DFC1E34C0D700EE34E6</string>
				<string>F9A19DFF1E34C0D700EE34E6</string>
				<string>F9A19DEE1E34C0D500EE34E6</string>
			</array>
			<key>isa</key>
			<string>PBXGroup</string>
			<key>path</key>
			<string>PicPranck</string>
			<key>sourceTree</key>
			<string>&lt;group&gt;</string>
		</dict>
		<key>F9A19DEE1E34C0D500EE34E6</key>
		<dict>
			<key>children</key>
			<array>
				<string>F904B2571E47D4DB00B5FA26</string>
				<string>F9A19DEF1E34C0D500EE34E6</string>
			</array>
			<key>isa</key>
			<string>PBXGroup</string>
			<key>name</key>
			<string>Supporting Files</string>
			<key>sourceTree</key>
			<string>&lt;group&gt;</string>
		</dict>
		<key>F9A19DEF1E34C0D500EE34E6</key>
		<dict>
			<key>isa</key>
			<string>PBXFileReference</string>
			<key>lastKnownFileType</key>
			<string>sourcecode.c.objc</string>
			<key>path</key>
			<string>main.m</string>
			<key>sourceTree</key>
			<string>&lt;group&gt;</string>
		</dict>
		<key>F9A19DF01E34C0D500EE34E6</key>
		<dict>
			<key>fileRef</key>
			<string>F9A19DEF1E34C0D500EE34E6</string>
			<key>isa</key>
			<string>PBXBuildFile</string>
		</dict>
		<key>F9A19DF11E34C0D600EE34E6</key>
		<dict>
			<key>isa</key>
			<string>PBXFileReference</string>
			<key>lastKnownFileType</key>
			<string>sourcecode.c.h</string>
			<key>path</key>
			<string>AppDelegate.h</string>
			<key>sourceTree</key>
			<string>&lt;group&gt;</string>
		</dict>
		<key>F9A19DF21E34C0D600EE34E6</key>
		<dict>
			<key>isa</key>
			<string>PBXFileReference</string>
			<key>lastKnownFileType</key>
			<string>sourcecode.c.objc</string>
			<key>path</key>
			<string>AppDelegate.m</string>
			<key>sourceTree</key>
			<string>&lt;group&gt;</string>
		</dict>
		<key>F9A19DF31E34C0D600EE34E6</key>
		<dict>
			<key>fileRef</key>
			<string>F9A19DF21E34C0D600EE34E6</string>
			<key>isa</key>
			<string>PBXBuildFile</string>
		</dict>
		<key>F9A19DF41E34C0D600EE34E6</key>
		<dict>
			<key>isa</key>
			<string>PBXFileReference</string>
			<key>lastKnownFileType</key>
			<string>sourcecode.c.h</string>
			<key>path</key>
			<string>ViewController.h</string>
			<key>sourceTree</key>
			<string>&lt;group&gt;</string>
		</dict>
		<key>F9A19DF51E34C0D600EE34E6</key>
		<dict>
			<key>isa</key>
			<string>PBXFileReference</string>
			<key>lastKnownFileType</key>
			<string>sourcecode.c.objc</string>
			<key>path</key>
			<string>ViewController.m</string>
			<key>sourceTree</key>
			<string>&lt;group&gt;</string>
		</dict>
		<key>F9A19DF61E34C0D600EE34E6</key>
		<dict>
			<key>fileRef</key>
			<string>F9A19DF51E34C0D600EE34E6</string>
			<key>isa</key>
			<string>PBXBuildFile</string>
		</dict>
		<key>F9A19DF71E34C0D600EE34E6</key>
		<dict>
			<key>children</key>
			<array>
				<string>F9A19DF81E34C0D600EE34E6</string>
			</array>
			<key>isa</key>
			<string>PBXVariantGroup</string>
			<key>name</key>
			<string>Main.storyboard</string>
			<key>sourceTree</key>
			<string>&lt;group&gt;</string>
		</dict>
		<key>F9A19DF81E34C0D600EE34E6</key>
		<dict>
			<key>isa</key>
			<string>PBXFileReference</string>
			<key>lastKnownFileType</key>
			<string>file.storyboard</string>
			<key>name</key>
			<string>Base</string>
			<key>path</key>
			<string>Base.lproj/Main.storyboard</string>
			<key>sourceTree</key>
			<string>&lt;group&gt;</string>
		</dict>
		<key>F9A19DF91E34C0D600EE34E6</key>
		<dict>
			<key>fileRef</key>
			<string>F9A19DF71E34C0D600EE34E6</string>
			<key>isa</key>
			<string>PBXBuildFile</string>
		</dict>
		<key>F9A19DFA1E34C0D600EE34E6</key>
		<dict>
			<key>isa</key>
			<string>PBXFileReference</string>
			<key>lastKnownFileType</key>
			<string>folder.assetcatalog</string>
			<key>path</key>
			<string>Assets.xcassets</string>
			<key>sourceTree</key>
			<string>&lt;group&gt;</string>
		</dict>
		<key>F9A19DFB1E34C0D600EE34E6</key>
		<dict>
			<key>fileRef</key>
			<string>F9A19DFA1E34C0D600EE34E6</string>
			<key>isa</key>
			<string>PBXBuildFile</string>
		</dict>
		<key>F9A19DFC1E34C0D700EE34E6</key>
		<dict>
			<key>children</key>
			<array>
				<string>F9A19DFD1E34C0D700EE34E6</string>
			</array>
			<key>isa</key>
			<string>PBXVariantGroup</string>
			<key>name</key>
			<string>LaunchScreen.storyboard</string>
			<key>sourceTree</key>
			<string>&lt;group&gt;</string>
		</dict>
		<key>F9A19DFD1E34C0D700EE34E6</key>
		<dict>
			<key>isa</key>
			<string>PBXFileReference</string>
			<key>lastKnownFileType</key>
			<string>file.storyboard</string>
			<key>name</key>
			<string>Base</string>
			<key>path</key>
			<string>Base.lproj/LaunchScreen.storyboard</string>
			<key>sourceTree</key>
			<string>&lt;group&gt;</string>
		</dict>
		<key>F9A19DFE1E34C0D700EE34E6</key>
		<dict>
			<key>fileRef</key>
			<string>F9A19DFC1E34C0D700EE34E6</string>
			<key>isa</key>
			<string>PBXBuildFile</string>
		</dict>
		<key>F9A19DFF1E34C0D700EE34E6</key>
		<dict>
			<key>isa</key>
			<string>PBXFileReference</string>
			<key>lastKnownFileType</key>
			<string>text.plist.xml</string>
			<key>path</key>
			<string>Info.plist</string>
			<key>sourceTree</key>
			<string>&lt;group&gt;</string>
		</dict>
		<key>F9A19E001E34C0D700EE34E6</key>
		<dict>
			<key>buildActionMask</key>
			<string>2147483647</string>
			<key>files</key>
			<array>
				<string>F9A19E091E34C0D700EE34E6</string>
			</array>
			<key>isa</key>
			<string>PBXSourcesBuildPhase</string>
			<key>runOnlyForDeploymentPostprocessing</key>
			<string>0</string>
		</dict>
		<key>F9A19E011E34C0D700EE34E6</key>
		<dict>
			<key>buildActionMask</key>
			<string>2147483647</string>
			<key>files</key>
			<array>
				<string>9216982AB203C0B05357FF84</string>
			</array>
			<key>isa</key>
			<string>PBXFrameworksBuildPhase</string>
			<key>runOnlyForDeploymentPostprocessing</key>
			<string>0</string>
		</dict>
		<key>F9A19E021E34C0D700EE34E6</key>
		<dict>
			<key>buildActionMask</key>
			<string>2147483647</string>
			<key>files</key>
			<array/>
			<key>isa</key>
			<string>PBXResourcesBuildPhase</string>
			<key>runOnlyForDeploymentPostprocessing</key>
			<string>0</string>
		</dict>
		<key>F9A19E031E34C0D700EE34E6</key>
		<dict>
			<key>buildConfigurationList</key>
			<string>F9A19E1B1E34C0D800EE34E6</string>
			<key>buildPhases</key>
			<array>
				<string>DF4BAA7D28D18002013771E4</string>
				<string>F9A19E001E34C0D700EE34E6</string>
				<string>F9A19E011E34C0D700EE34E6</string>
				<string>F9A19E021E34C0D700EE34E6</string>
				<string>2DCB5C2FD7C2CBFE79ED3438</string>
				<string>CB8EB680C9C15FA7DC9130A2</string>
			</array>
			<key>buildRules</key>
			<array/>
			<key>dependencies</key>
			<array>
				<string>F9A19E061E34C0D700EE34E6</string>
			</array>
			<key>isa</key>
			<string>PBXNativeTarget</string>
			<key>name</key>
			<string>PicPranckTests</string>
			<key>productName</key>
			<string>PicPranckTests</string>
			<key>productReference</key>
			<string>F9A19E041E34C0D700EE34E6</string>
			<key>productType</key>
			<string>com.apple.product-type.bundle.unit-test</string>
		</dict>
		<key>F9A19E041E34C0D700EE34E6</key>
		<dict>
			<key>explicitFileType</key>
			<string>wrapper.cfbundle</string>
			<key>includeInIndex</key>
			<string>0</string>
			<key>isa</key>
			<string>PBXFileReference</string>
			<key>path</key>
			<string>PicPranckTests.xctest</string>
			<key>sourceTree</key>
			<string>BUILT_PRODUCTS_DIR</string>
		</dict>
		<key>F9A19E051E34C0D700EE34E6</key>
		<dict>
			<key>containerPortal</key>
			<string>F9A19DE31E34C0CD00EE34E6</string>
			<key>isa</key>
			<string>PBXContainerItemProxy</string>
			<key>proxyType</key>
			<string>1</string>
			<key>remoteGlobalIDString</key>
			<string>F9A19DEA1E34C0CE00EE34E6</string>
			<key>remoteInfo</key>
			<string>PicPranck</string>
		</dict>
		<key>F9A19E061E34C0D700EE34E6</key>
		<dict>
			<key>isa</key>
			<string>PBXTargetDependency</string>
			<key>target</key>
			<string>F9A19DEA1E34C0CE00EE34E6</string>
			<key>targetProxy</key>
			<string>F9A19E051E34C0D700EE34E6</string>
		</dict>
		<key>F9A19E071E34C0D700EE34E6</key>
		<dict>
			<key>children</key>
			<array>
				<string>F9A19E081E34C0D700EE34E6</string>
				<string>F9A19E0A1E34C0D700EE34E6</string>
			</array>
			<key>isa</key>
			<string>PBXGroup</string>
			<key>path</key>
			<string>PicPranckTests</string>
			<key>sourceTree</key>
			<string>&lt;group&gt;</string>
		</dict>
		<key>F9A19E081E34C0D700EE34E6</key>
		<dict>
			<key>isa</key>
			<string>PBXFileReference</string>
			<key>lastKnownFileType</key>
			<string>sourcecode.c.objc</string>
			<key>path</key>
			<string>PicPranckTests.m</string>
			<key>sourceTree</key>
			<string>&lt;group&gt;</string>
		</dict>
		<key>F9A19E091E34C0D700EE34E6</key>
		<dict>
			<key>fileRef</key>
			<string>F9A19E081E34C0D700EE34E6</string>
			<key>isa</key>
			<string>PBXBuildFile</string>
		</dict>
		<key>F9A19E0A1E34C0D700EE34E6</key>
		<dict>
			<key>isa</key>
			<string>PBXFileReference</string>
			<key>lastKnownFileType</key>
			<string>text.plist.xml</string>
			<key>path</key>
			<string>Info.plist</string>
			<key>sourceTree</key>
			<string>&lt;group&gt;</string>
		</dict>
		<key>F9A19E0B1E34C0D700EE34E6</key>
		<dict>
			<key>buildActionMask</key>
			<string>2147483647</string>
			<key>files</key>
			<array>
				<string>F9A19E141E34C0D700EE34E6</string>
			</array>
			<key>isa</key>
			<string>PBXSourcesBuildPhase</string>
			<key>runOnlyForDeploymentPostprocessing</key>
			<string>0</string>
		</dict>
		<key>F9A19E0C1E34C0D700EE34E6</key>
		<dict>
			<key>buildActionMask</key>
			<string>2147483647</string>
			<key>files</key>
			<array>
				<string>A8AE10D2664CA6FB41B048D5</string>
			</array>
			<key>isa</key>
			<string>PBXFrameworksBuildPhase</string>
			<key>runOnlyForDeploymentPostprocessing</key>
			<string>0</string>
		</dict>
		<key>F9A19E0D1E34C0D700EE34E6</key>
		<dict>
			<key>buildActionMask</key>
			<string>2147483647</string>
			<key>files</key>
			<array/>
			<key>isa</key>
			<string>PBXResourcesBuildPhase</string>
			<key>runOnlyForDeploymentPostprocessing</key>
			<string>0</string>
		</dict>
		<key>F9A19E0E1E34C0D700EE34E6</key>
		<dict>
			<key>buildConfigurationList</key>
			<string>F9A19E1E1E34C0D800EE34E6</string>
			<key>buildPhases</key>
			<array>
				<string>22F5E0DAEBD1AA9682FC8BA2</string>
				<string>F9A19E0B1E34C0D700EE34E6</string>
				<string>F9A19E0C1E34C0D700EE34E6</string>
				<string>F9A19E0D1E34C0D700EE34E6</string>
				<string>5C0F7B0790063EE7D7B6F751</string>
			</array>
			<key>buildRules</key>
			<array/>
			<key>dependencies</key>
			<array>
				<string>F9A19E111E34C0D700EE34E6</string>
			</array>
			<key>isa</key>
			<string>PBXNativeTarget</string>
			<key>name</key>
			<string>PicPranckUITests</string>
			<key>productName</key>
			<string>PicPranckUITests</string>
			<key>productReference</key>
			<string>F9A19E0F1E34C0D700EE34E6</string>
			<key>productType</key>
			<string>com.apple.product-type.bundle.ui-testing</string>
		</dict>
		<key>F9A19E0F1E34C0D700EE34E6</key>
		<dict>
			<key>explicitFileType</key>
			<string>wrapper.cfbundle</string>
			<key>includeInIndex</key>
			<string>0</string>
			<key>isa</key>
			<string>PBXFileReference</string>
			<key>path</key>
			<string>PicPranckUITests.xctest</string>
			<key>sourceTree</key>
			<string>BUILT_PRODUCTS_DIR</string>
		</dict>
		<key>F9A19E101E34C0D700EE34E6</key>
		<dict>
			<key>containerPortal</key>
			<string>F9A19DE31E34C0CD00EE34E6</string>
			<key>isa</key>
			<string>PBXContainerItemProxy</string>
			<key>proxyType</key>
			<string>1</string>
			<key>remoteGlobalIDString</key>
			<string>F9A19DEA1E34C0CE00EE34E6</string>
			<key>remoteInfo</key>
			<string>PicPranck</string>
		</dict>
		<key>F9A19E111E34C0D700EE34E6</key>
		<dict>
			<key>isa</key>
			<string>PBXTargetDependency</string>
			<key>target</key>
			<string>F9A19DEA1E34C0CE00EE34E6</string>
			<key>targetProxy</key>
			<string>F9A19E101E34C0D700EE34E6</string>
		</dict>
		<key>F9A19E121E34C0D700EE34E6</key>
		<dict>
			<key>children</key>
			<array>
				<string>F9A19E131E34C0D700EE34E6</string>
				<string>F9A19E151E34C0D800EE34E6</string>
			</array>
			<key>isa</key>
			<string>PBXGroup</string>
			<key>path</key>
			<string>PicPranckUITests</string>
			<key>sourceTree</key>
			<string>&lt;group&gt;</string>
		</dict>
		<key>F9A19E131E34C0D700EE34E6</key>
		<dict>
			<key>isa</key>
			<string>PBXFileReference</string>
			<key>lastKnownFileType</key>
			<string>sourcecode.c.objc</string>
			<key>path</key>
			<string>PicPranckUITests.m</string>
			<key>sourceTree</key>
			<string>&lt;group&gt;</string>
		</dict>
		<key>F9A19E141E34C0D700EE34E6</key>
		<dict>
			<key>fileRef</key>
			<string>F9A19E131E34C0D700EE34E6</string>
			<key>isa</key>
			<string>PBXBuildFile</string>
		</dict>
		<key>F9A19E151E34C0D800EE34E6</key>
		<dict>
			<key>isa</key>
			<string>PBXFileReference</string>
			<key>lastKnownFileType</key>
			<string>text.plist.xml</string>
			<key>path</key>
			<string>Info.plist</string>
			<key>sourceTree</key>
			<string>&lt;group&gt;</string>
		</dict>
		<key>F9A19E161E34C0D800EE34E6</key>
		<dict>
			<key>buildSettings</key>
			<dict>
				<key>ALWAYS_SEARCH_USER_PATHS</key>
				<string>NO</string>
				<key>CLANG_ANALYZER_NONNULL</key>
				<string>YES</string>
				<key>CLANG_CXX_LANGUAGE_STANDARD</key>
				<string>gnu++0x</string>
				<key>CLANG_CXX_LIBRARY</key>
				<string>libc++</string>
				<key>CLANG_ENABLE_MODULES</key>
				<string>YES</string>
				<key>CLANG_ENABLE_OBJC_ARC</key>
				<string>YES</string>
				<key>CLANG_WARN_BOOL_CONVERSION</key>
				<string>YES</string>
				<key>CLANG_WARN_CONSTANT_CONVERSION</key>
				<string>YES</string>
				<key>CLANG_WARN_DIRECT_OBJC_ISA_USAGE</key>
				<string>YES_ERROR</string>
				<key>CLANG_WARN_DOCUMENTATION_COMMENTS</key>
				<string>YES</string>
				<key>CLANG_WARN_EMPTY_BODY</key>
				<string>YES</string>
				<key>CLANG_WARN_ENUM_CONVERSION</key>
				<string>YES</string>
				<key>CLANG_WARN_INFINITE_RECURSION</key>
				<string>YES</string>
				<key>CLANG_WARN_INT_CONVERSION</key>
				<string>YES</string>
				<key>CLANG_WARN_OBJC_ROOT_CLASS</key>
				<string>YES_ERROR</string>
				<key>CLANG_WARN_SUSPICIOUS_MOVE</key>
				<string>YES</string>
				<key>CLANG_WARN_UNREACHABLE_CODE</key>
				<string>YES</string>
				<key>CLANG_WARN__DUPLICATE_METHOD_MATCH</key>
				<string>YES</string>
				<key>CODE_SIGN_IDENTITY[sdk=iphoneos*]</key>
				<string>iPhone Developer</string>
				<key>COPY_PHASE_STRIP</key>
				<string>NO</string>
				<key>DEBUG_INFORMATION_FORMAT</key>
				<string>dwarf</string>
				<key>ENABLE_STRICT_OBJC_MSGSEND</key>
				<string>YES</string>
				<key>ENABLE_TESTABILITY</key>
				<string>YES</string>
				<key>GCC_C_LANGUAGE_STANDARD</key>
				<string>gnu99</string>
				<key>GCC_DYNAMIC_NO_PIC</key>
				<string>NO</string>
				<key>GCC_NO_COMMON_BLOCKS</key>
				<string>YES</string>
				<key>GCC_OPTIMIZATION_LEVEL</key>
				<string>0</string>
				<key>GCC_PREPROCESSOR_DEFINITIONS</key>
				<array>
					<string>DEBUG=1</string>
					<string>$(inherited)</string>
				</array>
				<key>GCC_WARN_64_TO_32_BIT_CONVERSION</key>
				<string>YES</string>
				<key>GCC_WARN_ABOUT_RETURN_TYPE</key>
				<string>YES_ERROR</string>
				<key>GCC_WARN_UNDECLARED_SELECTOR</key>
				<string>YES</string>
				<key>GCC_WARN_UNINITIALIZED_AUTOS</key>
				<string>YES_AGGRESSIVE</string>
				<key>GCC_WARN_UNUSED_FUNCTION</key>
				<string>YES</string>
				<key>GCC_WARN_UNUSED_VARIABLE</key>
				<string>YES</string>
				<key>IPHONEOS_DEPLOYMENT_TARGET</key>
				<string>10.2</string>
				<key>MTL_ENABLE_DEBUG_INFO</key>
				<string>YES</string>
				<key>ONLY_ACTIVE_ARCH</key>
				<string>YES</string>
				<key>SDKROOT</key>
				<string>iphoneos</string>
			</dict>
			<key>isa</key>
			<string>XCBuildConfiguration</string>
			<key>name</key>
			<string>Debug</string>
		</dict>
		<key>F9A19E171E34C0D800EE34E6</key>
		<dict>
			<key>buildSettings</key>
			<dict>
				<key>ALWAYS_SEARCH_USER_PATHS</key>
				<string>NO</string>
				<key>CLANG_ANALYZER_NONNULL</key>
				<string>YES</string>
				<key>CLANG_CXX_LANGUAGE_STANDARD</key>
				<string>gnu++0x</string>
				<key>CLANG_CXX_LIBRARY</key>
				<string>libc++</string>
				<key>CLANG_ENABLE_MODULES</key>
				<string>YES</string>
				<key>CLANG_ENABLE_OBJC_ARC</key>
				<string>YES</string>
				<key>CLANG_WARN_BOOL_CONVERSION</key>
				<string>YES</string>
				<key>CLANG_WARN_CONSTANT_CONVERSION</key>
				<string>YES</string>
				<key>CLANG_WARN_DIRECT_OBJC_ISA_USAGE</key>
				<string>YES_ERROR</string>
				<key>CLANG_WARN_DOCUMENTATION_COMMENTS</key>
				<string>YES</string>
				<key>CLANG_WARN_EMPTY_BODY</key>
				<string>YES</string>
				<key>CLANG_WARN_ENUM_CONVERSION</key>
				<string>YES</string>
				<key>CLANG_WARN_INFINITE_RECURSION</key>
				<string>YES</string>
				<key>CLANG_WARN_INT_CONVERSION</key>
				<string>YES</string>
				<key>CLANG_WARN_OBJC_ROOT_CLASS</key>
				<string>YES_ERROR</string>
				<key>CLANG_WARN_SUSPICIOUS_MOVE</key>
				<string>YES</string>
				<key>CLANG_WARN_UNREACHABLE_CODE</key>
				<string>YES</string>
				<key>CLANG_WARN__DUPLICATE_METHOD_MATCH</key>
				<string>YES</string>
				<key>CODE_SIGN_IDENTITY[sdk=iphoneos*]</key>
				<string>iPhone Developer</string>
				<key>COPY_PHASE_STRIP</key>
				<string>NO</string>
				<key>DEBUG_INFORMATION_FORMAT</key>
				<string>dwarf-with-dsym</string>
				<key>ENABLE_NS_ASSERTIONS</key>
				<string>NO</string>
				<key>ENABLE_STRICT_OBJC_MSGSEND</key>
				<string>YES</string>
				<key>GCC_C_LANGUAGE_STANDARD</key>
				<string>gnu99</string>
				<key>GCC_NO_COMMON_BLOCKS</key>
				<string>YES</string>
				<key>GCC_WARN_64_TO_32_BIT_CONVERSION</key>
				<string>YES</string>
				<key>GCC_WARN_ABOUT_RETURN_TYPE</key>
				<string>YES_ERROR</string>
				<key>GCC_WARN_UNDECLARED_SELECTOR</key>
				<string>YES</string>
				<key>GCC_WARN_UNINITIALIZED_AUTOS</key>
				<string>YES_AGGRESSIVE</string>
				<key>GCC_WARN_UNUSED_FUNCTION</key>
				<string>YES</string>
				<key>GCC_WARN_UNUSED_VARIABLE</key>
				<string>YES</string>
				<key>IPHONEOS_DEPLOYMENT_TARGET</key>
				<string>10.2</string>
				<key>MTL_ENABLE_DEBUG_INFO</key>
				<string>NO</string>
				<key>SDKROOT</key>
				<string>iphoneos</string>
				<key>VALIDATE_PRODUCT</key>
				<string>YES</string>
			</dict>
			<key>isa</key>
			<string>XCBuildConfiguration</string>
			<key>name</key>
			<string>Release</string>
		</dict>
		<key>F9A19E181E34C0D800EE34E6</key>
		<dict>
			<key>buildConfigurations</key>
			<array>
				<string>F9A19E191E34C0D800EE34E6</string>
				<string>F9A19E1A1E34C0D800EE34E6</string>
			</array>
			<key>defaultConfigurationIsVisible</key>
			<string>0</string>
			<key>defaultConfigurationName</key>
			<string>Release</string>
			<key>isa</key>
			<string>XCConfigurationList</string>
		</dict>
		<key>F9A19E191E34C0D800EE34E6</key>
		<dict>
			<key>baseConfigurationReference</key>
			<string>A81DE764008CE66450932B51</string>
			<key>buildSettings</key>
			<dict>
				<key>ASSETCATALOG_COMPILER_APPICON_NAME</key>
				<string>AppIcon</string>
				<key>CODE_SIGN_IDENTITY</key>
				<string>iPhone Developer</string>
				<key>CODE_SIGN_IDENTITY[sdk=iphoneos*]</key>
				<string>iPhone Developer</string>
				<key>DEVELOPMENT_TEAM</key>
				<string>824R8WQK4Z</string>
				<key>FRAMEWORK_SEARCH_PATHS</key>
				<array>
					<string>/Users/Khalil/Desktop/Developer/FacebookSDKs-iOS-4.19.0</string>
					<string>$(inherited)</string>
				</array>
				<key>INFOPLIST_FILE</key>
				<string>PicPranck/Info.plist</string>
				<key>LD_RUNPATH_SEARCH_PATHS</key>
				<string>$(inherited) @executable_path/Frameworks</string>
				<key>PRODUCT_BUNDLE_IDENTIFIER</key>
				<string>khalil.PicPranck</string>
				<key>PRODUCT_NAME</key>
				<string>$(TARGET_NAME)</string>
			</dict>
			<key>isa</key>
			<string>XCBuildConfiguration</string>
			<key>name</key>
			<string>Debug</string>
		</dict>
		<key>F9A19E1A1E34C0D800EE34E6</key>
		<dict>
			<key>baseConfigurationReference</key>
			<string>085A6A0EFE796D24340879AE</string>
			<key>buildSettings</key>
			<dict>
				<key>ASSETCATALOG_COMPILER_APPICON_NAME</key>
				<string>AppIcon</string>
				<key>CODE_SIGN_IDENTITY</key>
				<string>iPhone Developer</string>
				<key>CODE_SIGN_IDENTITY[sdk=iphoneos*]</key>
				<string>iPhone Developer</string>
				<key>DEVELOPMENT_TEAM</key>
				<string>824R8WQK4Z</string>
				<key>FRAMEWORK_SEARCH_PATHS</key>
				<array>
					<string>/Users/Khalil/Desktop/Developer/FacebookSDKs-iOS-4.19.0</string>
					<string>$(inherited)</string>
				</array>
				<key>INFOPLIST_FILE</key>
				<string>PicPranck/Info.plist</string>
				<key>LD_RUNPATH_SEARCH_PATHS</key>
				<string>$(inherited) @executable_path/Frameworks</string>
				<key>PRODUCT_BUNDLE_IDENTIFIER</key>
				<string>khalil.PicPranck</string>
				<key>PRODUCT_NAME</key>
				<string>$(TARGET_NAME)</string>
			</dict>
			<key>isa</key>
			<string>XCBuildConfiguration</string>
			<key>name</key>
			<string>Release</string>
		</dict>
		<key>F9A19E1B1E34C0D800EE34E6</key>
		<dict>
			<key>buildConfigurations</key>
			<array>
				<string>F9A19E1C1E34C0D800EE34E6</string>
				<string>F9A19E1D1E34C0D800EE34E6</string>
			</array>
			<key>defaultConfigurationIsVisible</key>
			<string>0</string>
			<key>defaultConfigurationName</key>
			<string>Release</string>
			<key>isa</key>
			<string>XCConfigurationList</string>
		</dict>
		<key>F9A19E1C1E34C0D800EE34E6</key>
		<dict>
			<key>baseConfigurationReference</key>
			<string>08E18361F24B840C3892895E</string>
			<key>buildSettings</key>
			<dict>
				<key>BUNDLE_LOADER</key>
				<string>$(TEST_HOST)</string>
				<key>INFOPLIST_FILE</key>
				<string>PicPranckTests/Info.plist</string>
				<key>LD_RUNPATH_SEARCH_PATHS</key>
				<string>$(inherited) @executable_path/Frameworks @loader_path/Frameworks</string>
				<key>PRODUCT_BUNDLE_IDENTIFIER</key>
				<string>khalil.PicPranckTests</string>
				<key>PRODUCT_NAME</key>
				<string>$(TARGET_NAME)</string>
				<key>TEST_HOST</key>
				<string>$(BUILT_PRODUCTS_DIR)/PicPranck.app/PicPranck</string>
			</dict>
			<key>isa</key>
			<string>XCBuildConfiguration</string>
			<key>name</key>
			<string>Debug</string>
		</dict>
		<key>F9A19E1D1E34C0D800EE34E6</key>
		<dict>
			<key>baseConfigurationReference</key>
			<string>BE91AED2C9D141BCD8848353</string>
			<key>buildSettings</key>
			<dict>
				<key>BUNDLE_LOADER</key>
				<string>$(TEST_HOST)</string>
				<key>INFOPLIST_FILE</key>
				<string>PicPranckTests/Info.plist</string>
				<key>LD_RUNPATH_SEARCH_PATHS</key>
				<string>$(inherited) @executable_path/Frameworks @loader_path/Frameworks</string>
				<key>PRODUCT_BUNDLE_IDENTIFIER</key>
				<string>khalil.PicPranckTests</string>
				<key>PRODUCT_NAME</key>
				<string>$(TARGET_NAME)</string>
				<key>TEST_HOST</key>
				<string>$(BUILT_PRODUCTS_DIR)/PicPranck.app/PicPranck</string>
			</dict>
			<key>isa</key>
			<string>XCBuildConfiguration</string>
			<key>name</key>
			<string>Release</string>
		</dict>
		<key>F9A19E1E1E34C0D800EE34E6</key>
		<dict>
			<key>buildConfigurations</key>
			<array>
				<string>F9A19E1F1E34C0D800EE34E6</string>
				<string>F9A19E201E34C0D800EE34E6</string>
			</array>
			<key>defaultConfigurationIsVisible</key>
			<string>0</string>
			<key>defaultConfigurationName</key>
			<string>Release</string>
			<key>isa</key>
			<string>XCConfigurationList</string>
		</dict>
		<key>F9A19E1F1E34C0D800EE34E6</key>
		<dict>
			<key>baseConfigurationReference</key>
			<string>706837B79A6AD41581F75360</string>
			<key>buildSettings</key>
			<dict>
				<key>INFOPLIST_FILE</key>
				<string>PicPranckUITests/Info.plist</string>
				<key>LD_RUNPATH_SEARCH_PATHS</key>
				<string>$(inherited) @executable_path/Frameworks @loader_path/Frameworks</string>
				<key>PRODUCT_BUNDLE_IDENTIFIER</key>
				<string>khalil.PicPranckUITests</string>
				<key>PRODUCT_NAME</key>
				<string>$(TARGET_NAME)</string>
				<key>TEST_TARGET_NAME</key>
				<string>PicPranck</string>
			</dict>
			<key>isa</key>
			<string>XCBuildConfiguration</string>
			<key>name</key>
			<string>Debug</string>
		</dict>
		<key>F9A19E201E34C0D800EE34E6</key>
		<dict>
			<key>baseConfigurationReference</key>
			<string>4F58E9CAFD2695A2743448F6</string>
			<key>buildSettings</key>
			<dict>
				<key>INFOPLIST_FILE</key>
				<string>PicPranckUITests/Info.plist</string>
				<key>LD_RUNPATH_SEARCH_PATHS</key>
				<string>$(inherited) @executable_path/Frameworks @loader_path/Frameworks</string>
				<key>PRODUCT_BUNDLE_IDENTIFIER</key>
				<string>khalil.PicPranckUITests</string>
				<key>PRODUCT_NAME</key>
				<string>$(TARGET_NAME)</string>
				<key>TEST_TARGET_NAME</key>
				<string>PicPranck</string>
			</dict>
			<key>isa</key>
			<string>XCBuildConfiguration</string>
			<key>name</key>
			<string>Release</string>
		</dict>
		<key>F9FCBFDD1E48E6B90088B831</key>
		<dict>
			<key>isa</key>
			<string>PBXFileReference</string>
			<key>lastKnownFileType</key>
			<string>wrapper.framework</string>
			<key>name</key>
			<string>Bolts.framework</string>
			<key>path</key>
			<string>../FacebookSDKs-iOS-4.19.0/Bolts.framework</string>
			<key>sourceTree</key>
			<string>&lt;group&gt;</string>
		</dict>
		<key>F9FCBFDE1E48E6B90088B831</key>
		<dict>
			<key>isa</key>
			<string>PBXFileReference</string>
			<key>lastKnownFileType</key>
			<string>wrapper.framework</string>
			<key>name</key>
			<string>FBSDKCoreKit.framework</string>
			<key>path</key>
			<string>../FacebookSDKs-iOS-4.19.0/FBSDKCoreKit.framework</string>
			<key>sourceTree</key>
			<string>&lt;group&gt;</string>
		</dict>
		<key>F9FCBFDF1E48E6B90088B831</key>
		<dict>
			<key>isa</key>
			<string>PBXFileReference</string>
			<key>lastKnownFileType</key>
			<string>wrapper.framework</string>
			<key>name</key>
			<string>FBSDKLoginKit.framework</string>
			<key>path</key>
			<string>../FacebookSDKs-iOS-4.19.0/FBSDKLoginKit.framework</string>
			<key>sourceTree</key>
			<string>&lt;group&gt;</string>
		</dict>
		<key>F9FCBFE01E48E6B90088B831</key>
		<dict>
			<key>isa</key>
			<string>PBXFileReference</string>
			<key>lastKnownFileType</key>
			<string>wrapper.framework</string>
			<key>name</key>
			<string>FBSDKShareKit.framework</string>
			<key>path</key>
			<string>../FacebookSDKs-iOS-4.19.0/FBSDKShareKit.framework</string>
			<key>sourceTree</key>
			<string>&lt;group&gt;</string>
		</dict>
		<key>F9FCBFE11E48E6B90088B831</key>
		<dict>
			<key>fileRef</key>
			<string>F9FCBFDD1E48E6B90088B831</string>
			<key>isa</key>
			<string>PBXBuildFile</string>
		</dict>
		<key>F9FCBFE21E48E6B90088B831</key>
		<dict>
			<key>fileRef</key>
			<string>F9FCBFDE1E48E6B90088B831</string>
			<key>isa</key>
			<string>PBXBuildFile</string>
		</dict>
		<key>F9FCBFE31E48E6B90088B831</key>
		<dict>
			<key>fileRef</key>
			<string>F9FCBFDF1E48E6B90088B831</string>
			<key>isa</key>
			<string>PBXBuildFile</string>
		</dict>
		<key>F9FCBFE41E48E6B90088B831</key>
		<dict>
			<key>fileRef</key>
			<string>F9FCBFE01E48E6B90088B831</string>
			<key>isa</key>
			<string>PBXBuildFile</string>
		</dict>
	</dict>
	<key>rootObject</key>
	<string>F9A19DE31E34C0CD00EE34E6</string>
</dict>
</plist>
